
Microsoft Visual Studio Solution File, Format Version 12.00
# Visual Studio Version 16
VisualStudioVersion = 16.0.32106.194
MinimumVisualStudioVersion = 10.0.40219.1
Project("{FAE04EC0-301F-11D3-BF4B-00C04F79EFBC}") = "Training", "Training\Training.csproj", "{7DB67947-7F42-413A-A12B-051F52544F78}"
EndProject
Global
	GlobalSection(SolutionConfigurationPlatforms) = preSolution
		Debug|Any CPU = Debug|Any CPU
		Release|Any CPU = Release|Any CPU
	EndGlobalSection
	GlobalSection(ProjectConfigurationPlatforms) = postSolution
		{7DB67947-7F42-413A-A12B-051F52544F78}.Debug|Any CPU.ActiveCfg = Debug|Any CPU
		{7DB67947-7F42-413A-A12B-051F52544F78}.Debug|Any CPU.Build.0 = Debug|Any CPU
		{7DB67947-7F42-413A-A12B-051F52544F78}.Release|Any CPU.ActiveCfg = Release|Any CPU
		{7DB67947-7F42-413A-A12B-051F52544F78}.Release|Any CPU.Build.0 = Release|Any CPU
	EndGlobalSection
	GlobalSection(SolutionProperties) = preSolution
		HideSolutionNode = FALSE
	EndGlobalSection
	GlobalSection(ExtensibilityGlobals) = postSolution
		SolutionGuid = {05576E66-1CF9-40D8-91A1-6DAB574B08E6}
	EndGlobalSection
EndGlobal
